
Microsoft Visual Studio Solution File, Format Version 12.00
# Visual Studio Version 16
VisualStudioVersion = 16.0.32901.82
MinimumVisualStudioVersion = 10.0.40219.1
Project("{888888A0-9F3D-457C-B088-3A5042F75D52}") = "SelemiumProject", "SelemiumProject.pyproj", "{701C073B-1A2E-4796-B679-E697EB99CD40}"
EndProject
Global
	GlobalSection(SolutionConfigurationPlatforms) = preSolution
		Debug|Any CPU = Debug|Any CPU
		Release|Any CPU = Release|Any CPU
	EndGlobalSection
	GlobalSection(ProjectConfigurationPlatforms) = postSolution
		{701C073B-1A2E-4796-B679-E697EB99CD40}.Debug|Any CPU.ActiveCfg = Debug|Any CPU
		{701C073B-1A2E-4796-B679-E697EB99CD40}.Release|Any CPU.ActiveCfg = Release|Any CPU
	EndGlobalSection
	GlobalSection(SolutionProperties) = preSolution
		HideSolutionNode = FALSE
	EndGlobalSection
	GlobalSection(ExtensibilityGlobals) = postSolution
		SolutionGuid = {3EE4539D-D9C4-4783-B1C3-06A99638B291}
	EndGlobalSection
EndGlobal
